
Microsoft Visual Studio Solution File, Format Version 12.00
# Visual Studio Version 17
VisualStudioVersion = 17.3.32901.215
MinimumVisualStudioVersion = 10.0.40219.1
Project("{FAE04EC0-301F-11D3-BF4B-00C04F79EFBC}") = "Practice_Virtual-Override-New", "Practice_Virtual-Override-New.csproj", "{FEE90283-68EC-4C90-A75A-03B1EDDA32F8}"
EndProject
Global
	GlobalSection(SolutionConfigurationPlatforms) = preSolution
		Debug|Any CPU = Debug|Any CPU
		Release|Any CPU = Release|Any CPU
	EndGlobalSection
	GlobalSection(ProjectConfigurationPlatforms) = postSolution
		{FEE90283-68EC-4C90-A75A-03B1EDDA32F8}.Debug|Any CPU.ActiveCfg = Debug|Any CPU
		{FEE90283-68EC-4C90-A75A-03B1EDDA32F8}.Debug|Any CPU.Build.0 = Debug|Any CPU
		{FEE90283-68EC-4C90-A75A-03B1EDDA32F8}.Release|Any CPU.ActiveCfg = Release|Any CPU
		{FEE90283-68EC-4C90-A75A-03B1EDDA32F8}.Release|Any CPU.Build.0 = Release|Any CPU
	EndGlobalSection
	GlobalSection(SolutionProperties) = preSolution
		HideSolutionNode = FALSE
	EndGlobalSection
	GlobalSection(ExtensibilityGlobals) = postSolution
		SolutionGuid = {F5E9BE4F-D6C5-4BD4-A7C2-7FD1F0146667}
	EndGlobalSection
EndGlobal
